
Microsoft Visual Studio Solution File, Format Version 12.00
# Visual Studio Version 17
VisualStudioVersion = 17.0.31903.59
MinimumVisualStudioVersion = 10.0.40219.1
Project("{FAE04EC0-301F-11D3-BF4B-00C04F79EFBC}") = "TheAuctionHouse.Domain.Entities", "TheAuctionHouse.Domain.Entities\TheAuctionHouse.Domain.Entities.csproj", "{9E9689C3-CB9C-43F6-9852-E0B8F656502B}"
EndProject
Project("{FAE04EC0-301F-11D3-BF4B-00C04F79EFBC}") = "TheAuctionHouse.Domain.DataContracts", "TheAuctionHouse.Domain.DataContracts\TheAuctionHouse.Domain.DataContracts.csproj", "{D5376673-5F39-4907-B344-684671BF84A5}"
EndProject
Project("{FAE04EC0-301F-11D3-BF4B-00C04F79EFBC}") = "TheAuctionHouse.Domain.ServiceContracts", "TheAuctionHouse.Domain.ServiceContracts\TheAuctionHouse.Domain.ServiceContracts.csproj", "{8FCE2471-9FEF-4F8B-9D72-8A5A88082C1E}"
EndProject
Project("{FAE04EC0-301F-11D3-BF4B-00C04F79EFBC}") = "TheAuctionHouse.Domain.Services", "TheAuctionHouse.Domain.Services\TheAuctionHouse.Domain.Services.csproj", "{0ED0893B-1CAD-4203-BB5C-01A9656C8453}"
EndProject
Project("{FAE04EC0-301F-11D3-BF4B-00C04F79EFBC}") = "TheAuctionHouse.Data.EFCore.InMemory", "TheAuctionHouse.Data.EFCore.InMemory\TheAuctionHouse.Data.EFCore.InMemory.csproj", "{8DCB020F-3EAA-4AB8-A49F-03452631E4B7}"
EndProject
Project("{FAE04EC0-301F-11D3-BF4B-00C04F79EFBC}") = "TheAuctionHouse.Domain.Services.Tests", "TheAuctionHouse.Domain.Services.Tests\TheAuctionHouse.Domain.Services.Tests.csproj", "{1F6F75C8-30CD-4E0E-9AEB-8FB87A1071A8}"
EndProject
Project("{FAE04EC0-301F-11D3-BF4B-00C04F79EFBC}") = "TheAuctionHouse.Common", "TheAuctionHouse.Common\TheAuctionHouse.Common.csproj", "{82612504-954F-4CAC-A5F3-78E573877E94}"
EndProject
Project("{FAE04EC0-301F-11D3-BF4B-00C04F79EFBC}") = "TheAuctionHouse.API", "TheAuctionHouse.API\TheAuctionHouse.API.csproj", "{F164BAB1-4C15-45B9-BC2C-F73687FE717F}"
EndProject
Project("{FAE04EC0-301F-11D3-BF4B-00C04F79EFBC}") = "TheAuctionHouse.Email.API", "TheAuctionHouse.Email.API\TheAuctionHouse.Email.API.csproj", "{7BE41C0F-76F2-4EE9-8906-2AD7B639075B}"
EndProject
Project("{FAE04EC0-301F-11D3-BF4B-00C04F79EFBC}") = "TheAuctionHouse.Auth.API", "TheAuctionHouse.Auth.API\TheAuctionHouse.Auth.API.csproj", "{C7D01D1B-0C4D-4BC7-9A8E-26F0C787AFCB}"
EndProject
Project("{FAE04EC0-301F-11D3-BF4B-00C04F79EFBC}") = "TheAuctionHouse.Data.EFCore.SQLite", "TheAuctionHouse.Data.EFCore.SQLite\TheAuctionHouse.Data.EFCore.SQLite.csproj", "{378033B3-359D-4F5B-A27B-69C2BA88DB14}"
EndProject
Global
	GlobalSection(SolutionConfigurationPlatforms) = preSolution
		Debug|Any CPU = Debug|Any CPU
		Debug|x64 = Debug|x64
		Debug|x86 = Debug|x86
		Release|Any CPU = Release|Any CPU
		Release|x64 = Release|x64
		Release|x86 = Release|x86
	EndGlobalSection
	GlobalSection(ProjectConfigurationPlatforms) = postSolution
		{9E9689C3-CB9C-43F6-9852-E0B8F656502B}.Debug|Any CPU.ActiveCfg = Debug|Any CPU
		{9E9689C3-CB9C-43F6-9852-E0B8F656502B}.Debug|Any CPU.Build.0 = Debug|Any CPU
		{9E9689C3-CB9C-43F6-9852-E0B8F656502B}.Debug|x64.ActiveCfg = Debug|Any CPU
		{9E9689C3-CB9C-43F6-9852-E0B8F656502B}.Debug|x64.Build.0 = Debug|Any CPU
		{9E9689C3-CB9C-43F6-9852-E0B8F656502B}.Debug|x86.ActiveCfg = Debug|Any CPU
		{9E9689C3-CB9C-43F6-9852-E0B8F656502B}.Debug|x86.Build.0 = Debug|Any CPU
		{9E9689C3-CB9C-43F6-9852-E0B8F656502B}.Release|Any CPU.ActiveCfg = Release|Any CPU
		{9E9689C3-CB9C-43F6-9852-E0B8F656502B}.Release|Any CPU.Build.0 = Release|Any CPU
		{9E9689C3-CB9C-43F6-9852-E0B8F656502B}.Release|x64.ActiveCfg = Release|Any CPU
		{9E9689C3-CB9C-43F6-9852-E0B8F656502B}.Release|x64.Build.0 = Release|Any CPU
		{9E9689C3-CB9C-43F6-9852-E0B8F656502B}.Release|x86.ActiveCfg = Release|Any CPU
		{9E9689C3-CB9C-43F6-9852-E0B8F656502B}.Release|x86.Build.0 = Release|Any CPU
		{D5376673-5F39-4907-B344-684671BF84A5}.Debug|Any CPU.ActiveCfg = Debug|Any CPU
		{D5376673-5F39-4907-B344-684671BF84A5}.Debug|Any CPU.Build.0 = Debug|Any CPU
		{D5376673-5F39-4907-B344-684671BF84A5}.Debug|x64.ActiveCfg = Debug|Any CPU
		{D5376673-5F39-4907-B344-684671BF84A5}.Debug|x64.Build.0 = Debug|Any CPU
		{D5376673-5F39-4907-B344-684671BF84A5}.Debug|x86.ActiveCfg = Debug|Any CPU
		{D5376673-5F39-4907-B344-684671BF84A5}.Debug|x86.Build.0 = Debug|Any CPU
		{D5376673-5F39-4907-B344-684671BF84A5}.Release|Any CPU.ActiveCfg = Release|Any CPU
		{D5376673-5F39-4907-B344-684671BF84A5}.Release|Any CPU.Build.0 = Release|Any CPU
		{D5376673-5F39-4907-B344-684671BF84A5}.Release|x64.ActiveCfg = Release|Any CPU
		{D5376673-5F39-4907-B344-684671BF84A5}.Release|x64.Build.0 = Release|Any CPU
		{D5376673-5F39-4907-B344-684671BF84A5}.Release|x86.ActiveCfg = Release|Any CPU
		{D5376673-5F39-4907-B344-684671BF84A5}.Release|x86.Build.0 = Release|Any CPU
		{8FCE2471-9FEF-4F8B-9D72-8A5A88082C1E}.Debug|Any CPU.ActiveCfg = Debug|Any CPU
		{8FCE2471-9FEF-4F8B-9D72-8A5A88082C1E}.Debug|Any CPU.Build.0 = Debug|Any CPU
		{8FCE2471-9FEF-4F8B-9D72-8A5A88082C1E}.Debug|x64.ActiveCfg = Debug|Any CPU
		{8FCE2471-9FEF-4F8B-9D72-8A5A88082C1E}.Debug|x64.Build.0 = Debug|Any CPU
		{8FCE2471-9FEF-4F8B-9D72-8A5A88082C1E}.Debug|x86.ActiveCfg = Debug|Any CPU
		{8FCE2471-9FEF-4F8B-9D72-8A5A88082C1E}.Debug|x86.Build.0 = Debug|Any CPU
		{8FCE2471-9FEF-4F8B-9D72-8A5A88082C1E}.Release|Any CPU.ActiveCfg = Release|Any CPU
		{8FCE2471-9FEF-4F8B-9D72-8A5A88082C1E}.Release|Any CPU.Build.0 = Release|Any CPU
		{8FCE2471-9FEF-4F8B-9D72-8A5A88082C1E}.Release|x64.ActiveCfg = Release|Any CPU
		{8FCE2471-9FEF-4F8B-9D72-8A5A88082C1E}.Release|x64.Build.0 = Release|Any CPU
		{8FCE2471-9FEF-4F8B-9D72-8A5A88082C1E}.Release|x86.ActiveCfg = Release|Any CPU
		{8FCE2471-9FEF-4F8B-9D72-8A5A88082C1E}.Release|x86.Build.0 = Release|Any CPU
		{0ED0893B-1CAD-4203-BB5C-01A9656C8453}.Debug|Any CPU.ActiveCfg = Debug|Any CPU
		{0ED0893B-1CAD-4203-BB5C-01A9656C8453}.Debug|Any CPU.Build.0 = Debug|Any CPU
		{0ED0893B-1CAD-4203-BB5C-01A9656C8453}.Debug|x64.ActiveCfg = Debug|Any CPU
		{0ED0893B-1CAD-4203-BB5C-01A9656C8453}.Debug|x64.Build.0 = Debug|Any CPU
		{0ED0893B-1CAD-4203-BB5C-01A9656C8453}.Debug|x86.ActiveCfg = Debug|Any CPU
		{0ED0893B-1CAD-4203-BB5C-01A9656C8453}.Debug|x86.Build.0 = Debug|Any CPU
		{0ED0893B-1CAD-4203-BB5C-01A9656C8453}.Release|Any CPU.ActiveCfg = Release|Any CPU
		{0ED0893B-1CAD-4203-BB5C-01A9656C8453}.Release|Any CPU.Build.0 = Release|Any CPU
		{0ED0893B-1CAD-4203-BB5C-01A9656C8453}.Release|x64.ActiveCfg = Release|Any CPU
		{0ED0893B-1CAD-4203-BB5C-01A9656C8453}.Release|x64.Build.0 = Release|Any CPU
		{0ED0893B-1CAD-4203-BB5C-01A9656C8453}.Release|x86.ActiveCfg = Release|Any CPU
		{0ED0893B-1CAD-4203-BB5C-01A9656C8453}.Release|x86.Build.0 = Release|Any CPU
		{8DCB020F-3EAA-4AB8-A49F-03452631E4B7}.Debug|Any CPU.ActiveCfg = Debug|Any CPU
		{8DCB020F-3EAA-4AB8-A49F-03452631E4B7}.Debug|Any CPU.Build.0 = Debug|Any CPU
		{8DCB020F-3EAA-4AB8-A49F-03452631E4B7}.Debug|x64.ActiveCfg = Debug|Any CPU
		{8DCB020F-3EAA-4AB8-A49F-03452631E4B7}.Debug|x64.Build.0 = Debug|Any CPU
		{8DCB020F-3EAA-4AB8-A49F-03452631E4B7}.Debug|x86.ActiveCfg = Debug|Any CPU
		{8DCB020F-3EAA-4AB8-A49F-03452631E4B7}.Debug|x86.Build.0 = Debug|Any CPU
		{8DCB020F-3EAA-4AB8-A49F-03452631E4B7}.Release|Any CPU.ActiveCfg = Release|Any CPU
		{8DCB020F-3EAA-4AB8-A49F-03452631E4B7}.Release|Any CPU.Build.0 = Release|Any CPU
		{8DCB020F-3EAA-4AB8-A49F-03452631E4B7}.Release|x64.ActiveCfg = Release|Any CPU
		{8DCB020F-3EAA-4AB8-A49F-03452631E4B7}.Release|x64.Build.0 = Release|Any CPU
		{8DCB020F-3EAA-4AB8-A49F-03452631E4B7}.Release|x86.ActiveCfg = Release|Any CPU
		{8DCB020F-3EAA-4AB8-A49F-03452631E4B7}.Release|x86.Build.0 = Release|Any CPU
		{1F6F75C8-30CD-4E0E-9AEB-8FB87A1071A8}.Debug|Any CPU.ActiveCfg = Debug|Any CPU
		{1F6F75C8-30CD-4E0E-9AEB-8FB87A1071A8}.Debug|Any CPU.Build.0 = Debug|Any CPU
		{1F6F75C8-30CD-4E0E-9AEB-8FB87A1071A8}.Debug|x64.ActiveCfg = Debug|Any CPU
		{1F6F75C8-30CD-4E0E-9AEB-8FB87A1071A8}.Debug|x64.Build.0 = Debug|Any CPU
		{1F6F75C8-30CD-4E0E-9AEB-8FB87A1071A8}.Debug|x86.ActiveCfg = Debug|Any CPU
		{1F6F75C8-30CD-4E0E-9AEB-8FB87A1071A8}.Debug|x86.Build.0 = Debug|Any CPU
		{1F6F75C8-30CD-4E0E-9AEB-8FB87A1071A8}.Release|Any CPU.ActiveCfg = Release|Any CPU
		{1F6F75C8-30CD-4E0E-9AEB-8FB87A1071A8}.Release|Any CPU.Build.0 = Release|Any CPU
		{1F6F75C8-30CD-4E0E-9AEB-8FB87A1071A8}.Release|x64.ActiveCfg = Release|Any CPU
		{1F6F75C8-30CD-4E0E-9AEB-8FB87A1071A8}.Release|x64.Build.0 = Release|Any CPU
		{1F6F75C8-30CD-4E0E-9AEB-8FB87A1071A8}.Release|x86.ActiveCfg = Release|Any CPU
		{1F6F75C8-30CD-4E0E-9AEB-8FB87A1071A8}.Release|x86.Build.0 = Release|Any CPU
		{82612504-954F-4CAC-A5F3-78E573877E94}.Debug|Any CPU.ActiveCfg = Debug|Any CPU
		{82612504-954F-4CAC-A5F3-78E573877E94}.Debug|Any CPU.Build.0 = Debug|Any CPU
		{82612504-954F-4CAC-A5F3-78E573877E94}.Debug|x64.ActiveCfg = Debug|Any CPU
		{82612504-954F-4CAC-A5F3-78E573877E94}.Debug|x64.Build.0 = Debug|Any CPU
		{82612504-954F-4CAC-A5F3-78E573877E94}.Debug|x86.ActiveCfg = Debug|Any CPU
		{82612504-954F-4CAC-A5F3-78E573877E94}.Debug|x86.Build.0 = Debug|Any CPU
		{82612504-954F-4CAC-A5F3-78E573877E94}.Release|Any CPU.ActiveCfg = Release|Any CPU
		{82612504-954F-4CAC-A5F3-78E573877E94}.Release|Any CPU.Build.0 = Release|Any CPU
		{82612504-954F-4CAC-A5F3-78E573877E94}.Release|x64.ActiveCfg = Release|Any CPU
		{82612504-954F-4CAC-A5F3-78E573877E94}.Release|x64.Build.0 = Release|Any CPU
		{82612504-954F-4CAC-A5F3-78E573877E94}.Release|x86.ActiveCfg = Release|Any CPU
		{82612504-954F-4CAC-A5F3-78E573877E94}.Release|x86.Build.0 = Release|Any CPU
		{F164BAB1-4C15-45B9-BC2C-F73687FE717F}.Debug|Any CPU.ActiveCfg = Debug|Any CPU
		{F164BAB1-4C15-45B9-BC2C-F73687FE717F}.Debug|Any CPU.Build.0 = Debug|Any CPU
		{F164BAB1-4C15-45B9-BC2C-F73687FE717F}.Debug|x64.ActiveCfg = Debug|Any CPU
		{F164BAB1-4C15-45B9-BC2C-F73687FE717F}.Debug|x64.Build.0 = Debug|Any CPU
		{F164BAB1-4C15-45B9-BC2C-F73687FE717F}.Debug|x86.ActiveCfg = Debug|Any CPU
		{F164BAB1-4C15-45B9-BC2C-F73687FE717F}.Debug|x86.Build.0 = Debug|Any CPU
		{F164BAB1-4C15-45B9-BC2C-F73687FE717F}.Release|Any CPU.ActiveCfg = Release|Any CPU
		{F164BAB1-4C15-45B9-BC2C-F73687FE717F}.Release|Any CPU.Build.0 = Release|Any CPU
		{F164BAB1-4C15-45B9-BC2C-F73687FE717F}.Release|x64.ActiveCfg = Release|Any CPU
		{F164BAB1-4C15-45B9-BC2C-F73687FE717F}.Release|x64.Build.0 = Release|Any CPU
		{F164BAB1-4C15-45B9-BC2C-F73687FE717F}.Release|x86.ActiveCfg = Release|Any CPU
		{F164BAB1-4C15-45B9-BC2C-F73687FE717F}.Release|x86.Build.0 = Release|Any CPU
		{7BE41C0F-76F2-4EE9-8906-2AD7B639075B}.Debug|Any CPU.ActiveCfg = Debug|Any CPU
		{7BE41C0F-76F2-4EE9-8906-2AD7B639075B}.Debug|Any CPU.Build.0 = Debug|Any CPU
		{7BE41C0F-76F2-4EE9-8906-2AD7B639075B}.Debug|x64.ActiveCfg = Debug|Any CPU
		{7BE41C0F-76F2-4EE9-8906-2AD7B639075B}.Debug|x64.Build.0 = Debug|Any CPU
		{7BE41C0F-76F2-4EE9-8906-2AD7B639075B}.Debug|x86.ActiveCfg = Debug|Any CPU
		{7BE41C0F-76F2-4EE9-8906-2AD7B639075B}.Debug|x86.Build.0 = Debug|Any CPU
		{7BE41C0F-76F2-4EE9-8906-2AD7B639075B}.Release|Any CPU.ActiveCfg = Release|Any CPU
		{7BE41C0F-76F2-4EE9-8906-2AD7B639075B}.Release|Any CPU.Build.0 = Release|Any CPU
		{7BE41C0F-76F2-4EE9-8906-2AD7B639075B}.Release|x64.ActiveCfg = Release|Any CPU
		{7BE41C0F-76F2-4EE9-8906-2AD7B639075B}.Release|x64.Build.0 = Release|Any CPU
		{7BE41C0F-76F2-4EE9-8906-2AD7B639075B}.Release|x86.ActiveCfg = Release|Any CPU
		{7BE41C0F-76F2-4EE9-8906-2AD7B639075B}.Release|x86.Build.0 = Release|Any CPU
		{C7D01D1B-0C4D-4BC7-9A8E-26F0C787AFCB}.Debug|Any CPU.ActiveCfg = Debug|Any CPU
		{C7D01D1B-0C4D-4BC7-9A8E-26F0C787AFCB}.Debug|Any CPU.Build.0 = Debug|Any CPU
		{C7D01D1B-0C4D-4BC7-9A8E-26F0C787AFCB}.Debug|x64.ActiveCfg = Debug|Any CPU
		{C7D01D1B-0C4D-4BC7-9A8E-26F0C787AFCB}.Debug|x64.Build.0 = Debug|Any CPU
		{C7D01D1B-0C4D-4BC7-9A8E-26F0C787AFCB}.Debug|x86.ActiveCfg = Debug|Any CPU
		{C7D01D1B-0C4D-4BC7-9A8E-26F0C787AFCB}.Debug|x86.Build.0 = Debug|Any CPU
		{C7D01D1B-0C4D-4BC7-9A8E-26F0C787AFCB}.Release|Any CPU.ActiveCfg = Release|Any CPU
		{C7D01D1B-0C4D-4BC7-9A8E-26F0C787AFCB}.Release|Any CPU.Build.0 = Release|Any CPU
		{C7D01D1B-0C4D-4BC7-9A8E-26F0C787AFCB}.Release|x64.ActiveCfg = Release|Any CPU
		{C7D01D1B-0C4D-4BC7-9A8E-26F0C787AFCB}.Release|x64.Build.0 = Release|Any CPU
		{C7D01D1B-0C4D-4BC7-9A8E-26F0C787AFCB}.Release|x86.ActiveCfg = Release|Any CPU
		{C7D01D1B-0C4D-4BC7-9A8E-26F0C787AFCB}.Release|x86.Build.0 = Release|Any CPU
		{378033B3-359D-4F5B-A27B-69C2BA88DB14}.Debug|Any CPU.ActiveCfg = Debug|Any CPU
		{378033B3-359D-4F5B-A27B-69C2BA88DB14}.Debug|Any CPU.Build.0 = Debug|Any CPU
		{378033B3-359D-4F5B-A27B-69C2BA88DB14}.Debug|x64.ActiveCfg = Debug|Any CPU
		{378033B3-359D-4F5B-A27B-69C2BA88DB14}.Debug|x64.Build.0 = Debug|Any CPU
		{378033B3-359D-4F5B-A27B-69C2BA88DB14}.Debug|x86.ActiveCfg = Debug|Any CPU
		{378033B3-359D-4F5B-A27B-69C2BA88DB14}.Debug|x86.Build.0 = Debug|Any CPU
		{378033B3-359D-4F5B-A27B-69C2BA88DB14}.Release|Any CPU.ActiveCfg = Release|Any CPU
		{378033B3-359D-4F5B-A27B-69C2BA88DB14}.Release|Any CPU.Build.0 = Release|Any CPU
		{378033B3-359D-4F5B-A27B-69C2BA88DB14}.Release|x64.ActiveCfg = Release|Any CPU
		{378033B3-359D-4F5B-A27B-69C2BA88DB14}.Release|x64.Build.0 = Release|Any CPU
		{378033B3-359D-4F5B-A27B-69C2BA88DB14}.Release|x86.ActiveCfg = Release|Any CPU
		{378033B3-359D-4F5B-A27B-69C2BA88DB14}.Release|x86.Build.0 = Release|Any CPU
	EndGlobalSection
	GlobalSection(SolutionProperties) = preSolution
		HideSolutionNode = FALSE
	EndGlobalSection
EndGlobal
